
Microsoft Visual Studio Solution File, Format Version 12.00
# Visual Studio Version 16
VisualStudioVersion = 16.0.30717.126
MinimumVisualStudioVersion = 15.0.26124.0
Project("{F2A71F9B-5D33-465A-A702-920D77279786}") = "XUnitTestProject1", "src\XUnitTestProject1\XUnitTestProject1.fsproj", "{6FA769A7-EF29-44A1-939E-C01C6A2CAFB9}"
EndProject
Global
	GlobalSection(SolutionConfigurationPlatforms) = preSolution
		Debug|Any CPU = Debug|Any CPU
		Debug|x64 = Debug|x64
		Debug|x86 = Debug|x86
		Release|Any CPU = Release|Any CPU
		Release|x64 = Release|x64
		Release|x86 = Release|x86
	EndGlobalSection
	GlobalSection(ProjectConfigurationPlatforms) = postSolution
		{6FA769A7-EF29-44A1-939E-C01C6A2CAFB9}.Debug|Any CPU.ActiveCfg = Debug|Any CPU
		{6FA769A7-EF29-44A1-939E-C01C6A2CAFB9}.Debug|Any CPU.Build.0 = Debug|Any CPU
		{6FA769A7-EF29-44A1-939E-C01C6A2CAFB9}.Debug|x64.ActiveCfg = Debug|Any CPU
		{6FA769A7-EF29-44A1-939E-C01C6A2CAFB9}.Debug|x64.Build.0 = Debug|Any CPU
		{6FA769A7-EF29-44A1-939E-C01C6A2CAFB9}.Debug|x86.ActiveCfg = Debug|Any CPU
		{6FA769A7-EF29-44A1-939E-C01C6A2CAFB9}.Debug|x86.Build.0 = Debug|Any CPU
		{6FA769A7-EF29-44A1-939E-C01C6A2CAFB9}.Release|Any CPU.ActiveCfg = Release|Any CPU
		{6FA769A7-EF29-44A1-939E-C01C6A2CAFB9}.Release|Any CPU.Build.0 = Release|Any CPU
		{6FA769A7-EF29-44A1-939E-C01C6A2CAFB9}.Release|x64.ActiveCfg = Release|Any CPU
		{6FA769A7-EF29-44A1-939E-C01C6A2CAFB9}.Release|x64.Build.0 = Release|Any CPU
		{6FA769A7-EF29-44A1-939E-C01C6A2CAFB9}.Release|x86.ActiveCfg = Release|Any CPU
		{6FA769A7-EF29-44A1-939E-C01C6A2CAFB9}.Release|x86.Build.0 = Release|Any CPU
	EndGlobalSection
	GlobalSection(SolutionProperties) = preSolution
		HideSolutionNode = FALSE
	EndGlobalSection
	GlobalSection(ExtensibilityGlobals) = postSolution
		SolutionGuid = {7DBA054C-42CB-4C31-8BF6-BC2BA8EDAB1F}
	EndGlobalSection
EndGlobal
